
Microsoft Visual Studio Solution File, Format Version 12.00
# Visual Studio Version 16
VisualStudioVersion = 16.0.34031.81
MinimumVisualStudioVersion = 10.0.40219.1
Project("{2150E333-8FDC-42A3-9474-1A3956D46DE8}") = "Task0", "Task0", "{697789F7-FA96-44F5-87FA-946D7434EADD}"
EndProject
Project("{FAE04EC0-301F-11D3-BF4B-00C04F79EFBC}") = "Tyuiu.IvanovSI.Sprint1.Task0.V7.Test", "Tyuiu.IvanovSI.Sprint1.Task0.V7.Test\Tyuiu.IvanovSI.Sprint1.Task0.V7.Test.csproj", "{3BD2E8E7-7E23-418C-9F4E-A06A151AEC78}"
EndProject
Project("{FAE04EC0-301F-11D3-BF4B-00C04F79EFBC}") = "Tyuiu.IvanovSI.Sprint1.Task0.V7.Lib", "Tyuiu.IvanovSI.Sprint1.Task0.V7.Lib\Tyuiu.IvanovSI.Sprint1.Task0.V7.Lib.csproj", "{01F7F0A3-8153-4BCA-ACE8-4ED306BC7C42}"
EndProject
Project("{FAE04EC0-301F-11D3-BF4B-00C04F79EFBC}") = "Tyuiu.IvanovSI.Sprint1.Task0.V7", "Tyuiu.IvanovSI.Sprint1.Task0.V7\Tyuiu.IvanovSI.Sprint1.Task0.V7.csproj", "{BD2A060D-9F92-444A-B4EE-F9EC4F5BF388}"
EndProject
Project("{2150E333-8FDC-42A3-9474-1A3956D46DE8}") = "Task1", "Task1", "{A0400435-7BD3-4A45-B238-6BFF6953CBBA}"
EndProject
Project("{FAE04EC0-301F-11D3-BF4B-00C04F79EFBC}") = "Tyuiu.IvanovSI.Sprint1.Task1.V29", "Tyuiu.IvanovSI.Sprint1.Task1.V29\Tyuiu.IvanovSI.Sprint1.Task1.V29.csproj", "{EB875D96-992B-485D-8209-03D993AC8AA2}"
EndProject
Project("{FAE04EC0-301F-11D3-BF4B-00C04F79EFBC}") = "Tyuiu.IvanovSI.Sprint1.Task1.V29.Lib", "Tyuiu.IvanovSI.Sprint1.Task1.V29.Lib\Tyuiu.IvanovSI.Sprint1.Task1.V29.Lib.csproj", "{2643516E-D6FC-485B-853F-759D53F05FC3}"
EndProject
Project("{FAE04EC0-301F-11D3-BF4B-00C04F79EFBC}") = "Tyuiu.IvanovSI.Sprint1.Task1.V29.Test", "Tyuiu.IvanovSI.Sprint1.Task1.V29.Test\Tyuiu.IvanovSI.Sprint1.Task1.V29.Test.csproj", "{9F382DFB-2FD6-404C-A729-9B32D500127A}"
EndProject
Project("{2150E333-8FDC-42A3-9474-1A3956D46DE8}") = "Task2", "Task2", "{443D68F3-5003-43D7-B34F-A40B56BD6839}"
EndProject
Project("{FAE04EC0-301F-11D3-BF4B-00C04F79EFBC}") = "Tyuiu.IvanovSI.Sprint1.Task2.V23", "Tyuiu.IvanovSI.Sprint1.Task2.V23\Tyuiu.IvanovSI.Sprint1.Task2.V23.csproj", "{D1180962-C384-4AD0-AEC0-4CFEA6F00710}"
EndProject
Project("{FAE04EC0-301F-11D3-BF4B-00C04F79EFBC}") = "Tyuiu.IvanovSI.Sprint1.Task2.V23.Test", "Tyuiu.IvanovSI.Sprint1.Task2.V23.Test\Tyuiu.IvanovSI.Sprint1.Task2.V23.Test.csproj", "{75E54D7C-F90F-4641-A335-9519C74CC960}"
EndProject
Project("{FAE04EC0-301F-11D3-BF4B-00C04F79EFBC}") = "Tyuiu.IvanovSI.Sprint1.Task2.V23.Lib", "Tyuiu.IvanovSI.Sprint1.Task2.V23.Lib\Tyuiu.IvanovSI.Sprint1.Task2.V23.Lib.csproj", "{E35E2385-5FE6-4726-AA6E-E5FBB73E08D0}"
EndProject
Project("{2150E333-8FDC-42A3-9474-1A3956D46DE8}") = "Task3", "Task3", "{064D4A85-980E-4B77-B7D9-163083627071}"
EndProject
Project("{FAE04EC0-301F-11D3-BF4B-00C04F79EFBC}") = "Tyuiu.IvanovSI.Sprint1.Task3.V9", "Tyuiu.IvanovSI.Sprint1.Task3.V9\Tyuiu.IvanovSI.Sprint1.Task3.V9.csproj", "{29ACF6C6-4FFF-40B6-BEF6-F7EDB2FE74CA}"
EndProject
Project("{FAE04EC0-301F-11D3-BF4B-00C04F79EFBC}") = "Tyuiu.IvanovSI.Sprint1.Task3.V9.Lib", "Tyuiu.IvanovSI.Sprint1.Task3.V9.Lib\Tyuiu.IvanovSI.Sprint1.Task3.V9.Lib.csproj", "{575C610D-CC26-4E71-8A3C-50198EE2F069}"
EndProject
Project("{FAE04EC0-301F-11D3-BF4B-00C04F79EFBC}") = "Tyuiu.IvanovSI.Sprint1.Task3.V9.Test", "Tyuiu.IvanovSI.Sprint1.Task3.V9.Test\Tyuiu.IvanovSI.Sprint1.Task3.V9.Test.csproj", "{8B2269DF-4F1C-4241-BEA9-307CC0AD2CFF}"
EndProject
Project("{2150E333-8FDC-42A3-9474-1A3956D46DE8}") = "Task4", "Task4", "{02480B04-D475-495C-9535-2BE52A7643B4}"
EndProject
Project("{FAE04EC0-301F-11D3-BF4B-00C04F79EFBC}") = "Tyuiu.IvanovSI.Sprint1.Task4.V11", "Tyuiu.IvanovSI.Sprint1.Task4.V11\Tyuiu.IvanovSI.Sprint1.Task4.V11.csproj", "{ABC28BEF-DB63-40DA-8F57-49D6AB240AD0}"
EndProject
Project("{FAE04EC0-301F-11D3-BF4B-00C04F79EFBC}") = "Tyuiu.IvanovSI.Sprint1.Task4.V11.Test", "Tyuiu.IvanovSI.Sprint1.Task4.V11.Test\Tyuiu.IvanovSI.Sprint1.Task4.V11.Test.csproj", "{80BD3B5C-D717-46F3-A1E6-D98C67FD8704}"
EndProject
Project("{FAE04EC0-301F-11D3-BF4B-00C04F79EFBC}") = "Tyuiu.IvanovSI.Sprint1.Task4.V11.Lib", "Tyuiu.IvanovSI.Sprint1.Task4.V11.Lib\Tyuiu.IvanovSI.Sprint1.Task4.V11.Lib.csproj", "{1AFC15A1-335F-4300-B936-6D9E95037AEA}"
EndProject
Global
	GlobalSection(SolutionConfigurationPlatforms) = preSolution
		Debug|Any CPU = Debug|Any CPU
		Release|Any CPU = Release|Any CPU
	EndGlobalSection
	GlobalSection(ProjectConfigurationPlatforms) = postSolution
		{3BD2E8E7-7E23-418C-9F4E-A06A151AEC78}.Debug|Any CPU.ActiveCfg = Debug|Any CPU
		{3BD2E8E7-7E23-418C-9F4E-A06A151AEC78}.Debug|Any CPU.Build.0 = Debug|Any CPU
		{3BD2E8E7-7E23-418C-9F4E-A06A151AEC78}.Release|Any CPU.ActiveCfg = Release|Any CPU
		{3BD2E8E7-7E23-418C-9F4E-A06A151AEC78}.Release|Any CPU.Build.0 = Release|Any CPU
		{01F7F0A3-8153-4BCA-ACE8-4ED306BC7C42}.Debug|Any CPU.ActiveCfg = Debug|Any CPU
		{01F7F0A3-8153-4BCA-ACE8-4ED306BC7C42}.Debug|Any CPU.Build.0 = Debug|Any CPU
		{01F7F0A3-8153-4BCA-ACE8-4ED306BC7C42}.Release|Any CPU.ActiveCfg = Release|Any CPU
		{01F7F0A3-8153-4BCA-ACE8-4ED306BC7C42}.Release|Any CPU.Build.0 = Release|Any CPU
		{BD2A060D-9F92-444A-B4EE-F9EC4F5BF388}.Debug|Any CPU.ActiveCfg = Debug|Any CPU
		{BD2A060D-9F92-444A-B4EE-F9EC4F5BF388}.Debug|Any CPU.Build.0 = Debug|Any CPU
		{BD2A060D-9F92-444A-B4EE-F9EC4F5BF388}.Release|Any CPU.ActiveCfg = Release|Any CPU
		{BD2A060D-9F92-444A-B4EE-F9EC4F5BF388}.Release|Any CPU.Build.0 = Release|Any CPU
		{EB875D96-992B-485D-8209-03D993AC8AA2}.Debug|Any CPU.ActiveCfg = Debug|Any CPU
		{EB875D96-992B-485D-8209-03D993AC8AA2}.Debug|Any CPU.Build.0 = Debug|Any CPU
		{EB875D96-992B-485D-8209-03D993AC8AA2}.Release|Any CPU.ActiveCfg = Release|Any CPU
		{EB875D96-992B-485D-8209-03D993AC8AA2}.Release|Any CPU.Build.0 = Release|Any CPU
		{2643516E-D6FC-485B-853F-759D53F05FC3}.Debug|Any CPU.ActiveCfg = Debug|Any CPU
		{2643516E-D6FC-485B-853F-759D53F05FC3}.Debug|Any CPU.Build.0 = Debug|Any CPU
		{2643516E-D6FC-485B-853F-759D53F05FC3}.Release|Any CPU.ActiveCfg = Release|Any CPU
		{2643516E-D6FC-485B-853F-759D53F05FC3}.Release|Any CPU.Build.0 = Release|Any CPU
		{9F382DFB-2FD6-404C-A729-9B32D500127A}.Debug|Any CPU.ActiveCfg = Debug|Any CPU
		{9F382DFB-2FD6-404C-A729-9B32D500127A}.Debug|Any CPU.Build.0 = Debug|Any CPU
		{9F382DFB-2FD6-404C-A729-9B32D500127A}.Release|Any CPU.ActiveCfg = Release|Any CPU
		{9F382DFB-2FD6-404C-A729-9B32D500127A}.Release|Any CPU.Build.0 = Release|Any CPU
		{D1180962-C384-4AD0-AEC0-4CFEA6F00710}.Debug|Any CPU.ActiveCfg = Debug|Any CPU
		{D1180962-C384-4AD0-AEC0-4CFEA6F00710}.Debug|Any CPU.Build.0 = Debug|Any CPU
		{D1180962-C384-4AD0-AEC0-4CFEA6F00710}.Release|Any CPU.ActiveCfg = Release|Any CPU
		{D1180962-C384-4AD0-AEC0-4CFEA6F00710}.Release|Any CPU.Build.0 = Release|Any CPU
		{75E54D7C-F90F-4641-A335-9519C74CC960}.Debug|Any CPU.ActiveCfg = Debug|Any CPU
		{75E54D7C-F90F-4641-A335-9519C74CC960}.Debug|Any CPU.Build.0 = Debug|Any CPU
		{75E54D7C-F90F-4641-A335-9519C74CC960}.Release|Any CPU.ActiveCfg = Release|Any CPU
		{75E54D7C-F90F-4641-A335-9519C74CC960}.Release|Any CPU.Build.0 = Release|Any CPU
		{E35E2385-5FE6-4726-AA6E-E5FBB73E08D0}.Debug|Any CPU.ActiveCfg = Debug|Any CPU
		{E35E2385-5FE6-4726-AA6E-E5FBB73E08D0}.Debug|Any CPU.Build.0 = Debug|Any CPU
		{E35E2385-5FE6-4726-AA6E-E5FBB73E08D0}.Release|Any CPU.ActiveCfg = Release|Any CPU
		{E35E2385-5FE6-4726-AA6E-E5FBB73E08D0}.Release|Any CPU.Build.0 = Release|Any CPU
		{29ACF6C6-4FFF-40B6-BEF6-F7EDB2FE74CA}.Debug|Any CPU.ActiveCfg = Debug|Any CPU
		{29ACF6C6-4FFF-40B6-BEF6-F7EDB2FE74CA}.Debug|Any CPU.Build.0 = Debug|Any CPU
		{29ACF6C6-4FFF-40B6-BEF6-F7EDB2FE74CA}.Release|Any CPU.ActiveCfg = Release|Any CPU
		{29ACF6C6-4FFF-40B6-BEF6-F7EDB2FE74CA}.Release|Any CPU.Build.0 = Release|Any CPU
		{575C610D-CC26-4E71-8A3C-50198EE2F069}.Debug|Any CPU.ActiveCfg = Debug|Any CPU
		{575C610D-CC26-4E71-8A3C-50198EE2F069}.Debug|Any CPU.Build.0 = Debug|Any CPU
		{575C610D-CC26-4E71-8A3C-50198EE2F069}.Release|Any CPU.ActiveCfg = Release|Any CPU
		{575C610D-CC26-4E71-8A3C-50198EE2F069}.Release|Any CPU.Build.0 = Release|Any CPU
		{8B2269DF-4F1C-4241-BEA9-307CC0AD2CFF}.Debug|Any CPU.ActiveCfg = Debug|Any CPU
		{8B2269DF-4F1C-4241-BEA9-307CC0AD2CFF}.Debug|Any CPU.Build.0 = Debug|Any CPU
		{8B2269DF-4F1C-4241-BEA9-307CC0AD2CFF}.Release|Any CPU.ActiveCfg = Release|Any CPU
		{8B2269DF-4F1C-4241-BEA9-307CC0AD2CFF}.Release|Any CPU.Build.0 = Release|Any CPU
		{ABC28BEF-DB63-40DA-8F57-49D6AB240AD0}.Debug|Any CPU.ActiveCfg = Debug|Any CPU
		{ABC28BEF-DB63-40DA-8F57-49D6AB240AD0}.Debug|Any CPU.Build.0 = Debug|Any CPU
		{ABC28BEF-DB63-40DA-8F57-49D6AB240AD0}.Release|Any CPU.ActiveCfg = Release|Any CPU
		{ABC28BEF-DB63-40DA-8F57-49D6AB240AD0}.Release|Any CPU.Build.0 = Release|Any CPU
		{80BD3B5C-D717-46F3-A1E6-D98C67FD8704}.Debug|Any CPU.ActiveCfg = Debug|Any CPU
		{80BD3B5C-D717-46F3-A1E6-D98C67FD8704}.Debug|Any CPU.Build.0 = Debug|Any CPU
		{80BD3B5C-D717-46F3-A1E6-D98C67FD8704}.Release|Any CPU.ActiveCfg = Release|Any CPU
		{80BD3B5C-D717-46F3-A1E6-D98C67FD8704}.Release|Any CPU.Build.0 = Release|Any CPU
		{1AFC15A1-335F-4300-B936-6D9E95037AEA}.Debug|Any CPU.ActiveCfg = Debug|Any CPU
		{1AFC15A1-335F-4300-B936-6D9E95037AEA}.Debug|Any CPU.Build.0 = Debug|Any CPU
		{1AFC15A1-335F-4300-B936-6D9E95037AEA}.Release|Any CPU.ActiveCfg = Release|Any CPU
		{1AFC15A1-335F-4300-B936-6D9E95037AEA}.Release|Any CPU.Build.0 = Release|Any CPU
	EndGlobalSection
	GlobalSection(SolutionProperties) = preSolution
		HideSolutionNode = FALSE
	EndGlobalSection
	GlobalSection(NestedProjects) = preSolution
		{3BD2E8E7-7E23-418C-9F4E-A06A151AEC78} = {697789F7-FA96-44F5-87FA-946D7434EADD}
		{01F7F0A3-8153-4BCA-ACE8-4ED306BC7C42} = {697789F7-FA96-44F5-87FA-946D7434EADD}
		{BD2A060D-9F92-444A-B4EE-F9EC4F5BF388} = {697789F7-FA96-44F5-87FA-946D7434EADD}
		{EB875D96-992B-485D-8209-03D993AC8AA2} = {A0400435-7BD3-4A45-B238-6BFF6953CBBA}
		{2643516E-D6FC-485B-853F-759D53F05FC3} = {A0400435-7BD3-4A45-B238-6BFF6953CBBA}
		{9F382DFB-2FD6-404C-A729-9B32D500127A} = {A0400435-7BD3-4A45-B238-6BFF6953CBBA}
		{D1180962-C384-4AD0-AEC0-4CFEA6F00710} = {443D68F3-5003-43D7-B34F-A40B56BD6839}
		{75E54D7C-F90F-4641-A335-9519C74CC960} = {443D68F3-5003-43D7-B34F-A40B56BD6839}
		{E35E2385-5FE6-4726-AA6E-E5FBB73E08D0} = {443D68F3-5003-43D7-B34F-A40B56BD6839}
		{29ACF6C6-4FFF-40B6-BEF6-F7EDB2FE74CA} = {064D4A85-980E-4B77-B7D9-163083627071}
		{575C610D-CC26-4E71-8A3C-50198EE2F069} = {064D4A85-980E-4B77-B7D9-163083627071}
		{8B2269DF-4F1C-4241-BEA9-307CC0AD2CFF} = {064D4A85-980E-4B77-B7D9-163083627071}
		{ABC28BEF-DB63-40DA-8F57-49D6AB240AD0} = {02480B04-D475-495C-9535-2BE52A7643B4}
		{80BD3B5C-D717-46F3-A1E6-D98C67FD8704} = {02480B04-D475-495C-9535-2BE52A7643B4}
		{1AFC15A1-335F-4300-B936-6D9E95037AEA} = {02480B04-D475-495C-9535-2BE52A7643B4}
	EndGlobalSection
	GlobalSection(ExtensibilityGlobals) = postSolution
		SolutionGuid = {37C82A39-1604-429B-8B2D-489608521EE9}
	EndGlobalSection
EndGlobal
